
Microsoft Visual Studio Solution File, Format Version 12.00
# Visual Studio 2012
Project("{2150E333-8FDC-42A3-9474-1A3956D46DE8}") = "Test", "Test", "{44DE095A-737E-4B3C-8831-E5CCF4969A59}"
EndProject
Project("{FAE04EC0-301F-11D3-BF4B-00C04F79EFBC}") = "FrameworkUnitTest", "FrameworkUnitTest\FrameworkUnitTest.csproj", "{B0D30D2D-CB9C-4490-8B1D-E30E991A202A}"
EndProject
Project("{FAE04EC0-301F-11D3-BF4B-00C04F79EFBC}") = "NSTool.XGPush", "NSTool.XGPush\NSTool.XGPush.csproj", "{680E2E49-A6E7-4C36-A030-5CA0CD4DA317}"
EndProject
Global
	GlobalSection(SolutionConfigurationPlatforms) = preSolution
		Debug|Any CPU = Debug|Any CPU
		Release|Any CPU = Release|Any CPU
	EndGlobalSection
	GlobalSection(ProjectConfigurationPlatforms) = postSolution
		{B0D30D2D-CB9C-4490-8B1D-E30E991A202A}.Debug|Any CPU.ActiveCfg = Debug|Any CPU
		{B0D30D2D-CB9C-4490-8B1D-E30E991A202A}.Debug|Any CPU.Build.0 = Debug|Any CPU
		{B0D30D2D-CB9C-4490-8B1D-E30E991A202A}.Release|Any CPU.ActiveCfg = Release|Any CPU
		{B0D30D2D-CB9C-4490-8B1D-E30E991A202A}.Release|Any CPU.Build.0 = Release|Any CPU
		{680E2E49-A6E7-4C36-A030-5CA0CD4DA317}.Debug|Any CPU.ActiveCfg = Debug|Any CPU
		{680E2E49-A6E7-4C36-A030-5CA0CD4DA317}.Debug|Any CPU.Build.0 = Debug|Any CPU
		{680E2E49-A6E7-4C36-A030-5CA0CD4DA317}.Release|Any CPU.ActiveCfg = Release|Any CPU
		{680E2E49-A6E7-4C36-A030-5CA0CD4DA317}.Release|Any CPU.Build.0 = Release|Any CPU
	EndGlobalSection
	GlobalSection(SolutionProperties) = preSolution
		HideSolutionNode = FALSE
	EndGlobalSection
	GlobalSection(NestedProjects) = preSolution
		{B0D30D2D-CB9C-4490-8B1D-E30E991A202A} = {44DE095A-737E-4B3C-8831-E5CCF4969A59}
	EndGlobalSection
EndGlobal
